
Microsoft Visual Studio Solution File, Format Version 12.00
# Visual Studio Version 17
VisualStudioVersion = 17.9.34723.18
MinimumVisualStudioVersion = 10.0.40219.1
Project("{FAE04EC0-301F-11D3-BF4B-00C04F79EFBC}") = "CarWashes.Api", "CarWashes.Api\CarWashes.Api.csproj", "{FB53BE09-4BC3-47B5-8DA3-5083E6BE643F}"
EndProject
Project("{FAE04EC0-301F-11D3-BF4B-00C04F79EFBC}") = "CarWashes.Core", "CarWashes.Core\CarWashes.Core.csproj", "{502DAA42-AEDD-4790-9B38-6055CCFE78D4}"
EndProject
Global
	GlobalSection(SolutionConfigurationPlatforms) = preSolution
		Debug|Any CPU = Debug|Any CPU
		Release|Any CPU = Release|Any CPU
	EndGlobalSection
	GlobalSection(ProjectConfigurationPlatforms) = postSolution
		{FB53BE09-4BC3-47B5-8DA3-5083E6BE643F}.Debug|Any CPU.ActiveCfg = Debug|Any CPU
		{FB53BE09-4BC3-47B5-8DA3-5083E6BE643F}.Debug|Any CPU.Build.0 = Debug|Any CPU
		{FB53BE09-4BC3-47B5-8DA3-5083E6BE643F}.Release|Any CPU.ActiveCfg = Release|Any CPU
		{FB53BE09-4BC3-47B5-8DA3-5083E6BE643F}.Release|Any CPU.Build.0 = Release|Any CPU
		{502DAA42-AEDD-4790-9B38-6055CCFE78D4}.Debug|Any CPU.ActiveCfg = Debug|Any CPU
		{502DAA42-AEDD-4790-9B38-6055CCFE78D4}.Debug|Any CPU.Build.0 = Debug|Any CPU
		{502DAA42-AEDD-4790-9B38-6055CCFE78D4}.Release|Any CPU.ActiveCfg = Release|Any CPU
		{502DAA42-AEDD-4790-9B38-6055CCFE78D4}.Release|Any CPU.Build.0 = Release|Any CPU
	EndGlobalSection
	GlobalSection(SolutionProperties) = preSolution
		HideSolutionNode = FALSE
	EndGlobalSection
	GlobalSection(ExtensibilityGlobals) = postSolution
		SolutionGuid = {C03D827C-04C0-4CE7-8907-2A62F3651A41}
	EndGlobalSection
EndGlobal
